
Microsoft Visual Studio Solution File, Format Version 12.00
# Visual Studio Version 17
VisualStudioVersion = 17.2.32526.322
MinimumVisualStudioVersion = 10.0.40219.1
Project("{FAE04EC0-301F-11D3-BF4B-00C04F79EFBC}") = "MVC_PCCU", "MVC_PCCU\MVC_PCCU.csproj", "{A50F7A7E-1639-4EE5-AF3E-7632F57D0D11}"
EndProject
Global
	GlobalSection(SolutionConfigurationPlatforms) = preSolution
		Debug|Any CPU = Debug|Any CPU
		Release|Any CPU = Release|Any CPU
	EndGlobalSection
	GlobalSection(ProjectConfigurationPlatforms) = postSolution
		{A50F7A7E-1639-4EE5-AF3E-7632F57D0D11}.Debug|Any CPU.ActiveCfg = Debug|Any CPU
		{A50F7A7E-1639-4EE5-AF3E-7632F57D0D11}.Debug|Any CPU.Build.0 = Debug|Any CPU
		{A50F7A7E-1639-4EE5-AF3E-7632F57D0D11}.Release|Any CPU.ActiveCfg = Release|Any CPU
		{A50F7A7E-1639-4EE5-AF3E-7632F57D0D11}.Release|Any CPU.Build.0 = Release|Any CPU
	EndGlobalSection
	GlobalSection(SolutionProperties) = preSolution
		HideSolutionNode = FALSE
	EndGlobalSection
	GlobalSection(ExtensibilityGlobals) = postSolution
		SolutionGuid = {46D2925A-24FB-44A3-B521-EDB569548A40}
	EndGlobalSection
EndGlobal
